
Microsoft Visual Studio Solution File, Format Version 12.00
# Visual Studio Version 17
VisualStudioVersion = 17.11.35222.181
MinimumVisualStudioVersion = 10.0.40219.1
Project("{FAE04EC0-301F-11D3-BF4B-00C04F79EFBC}") = "ConnectFour", "ConnectFour\ConnectFour.csproj", "{37F29952-DFC8-428C-9902-F4425A495CE3}"
EndProject
Global
	GlobalSection(SolutionConfigurationPlatforms) = preSolution
		Debug|Any CPU = Debug|Any CPU
		Release|Any CPU = Release|Any CPU
	EndGlobalSection
	GlobalSection(ProjectConfigurationPlatforms) = postSolution
		{37F29952-DFC8-428C-9902-F4425A495CE3}.Debug|Any CPU.ActiveCfg = Debug|Any CPU
		{37F29952-DFC8-428C-9902-F4425A495CE3}.Debug|Any CPU.Build.0 = Debug|Any CPU
		{37F29952-DFC8-428C-9902-F4425A495CE3}.Release|Any CPU.ActiveCfg = Release|Any CPU
		{37F29952-DFC8-428C-9902-F4425A495CE3}.Release|Any CPU.Build.0 = Release|Any CPU
	EndGlobalSection
	GlobalSection(SolutionProperties) = preSolution
		HideSolutionNode = FALSE
	EndGlobalSection
	GlobalSection(ExtensibilityGlobals) = postSolution
		SolutionGuid = {ABA5269F-2C1B-4E86-9013-13C65F95DBCA}
	EndGlobalSection
EndGlobal
